
Microsoft Visual Studio Solution File, Format Version 12.00
# Visual Studio 2013
VisualStudioVersion = 12.0.21005.1
MinimumVisualStudioVersion = 10.0.40219.1
Project("{8BC9CEB8-8B4A-11D0-8D11-00A0C91BC942}") = "Grep", "Grep\Grep.vcxproj", "{3369647A-6C01-455D-8922-3435C8A7E89C}"
EndProject
Project("{8BC9CEB8-8B4A-11D0-8D11-00A0C91BC942}") = "GrepUnitTest", "GrepUnitTest\GrepUnitTest.vcxproj", "{D59A04A0-AF1B-4D52-A145-2FA2734B5141}"
EndProject
Global
	GlobalSection(SolutionConfigurationPlatforms) = preSolution
		Debug|Win32 = Debug|Win32
		Release|Win32 = Release|Win32
	EndGlobalSection
	GlobalSection(ProjectConfigurationPlatforms) = postSolution
		{3369647A-6C01-455D-8922-3435C8A7E89C}.Debug|Win32.ActiveCfg = Debug|Win32
		{3369647A-6C01-455D-8922-3435C8A7E89C}.Debug|Win32.Build.0 = Debug|Win32
		{3369647A-6C01-455D-8922-3435C8A7E89C}.Release|Win32.ActiveCfg = Release|Win32
		{3369647A-6C01-455D-8922-3435C8A7E89C}.Release|Win32.Build.0 = Release|Win32
		{D59A04A0-AF1B-4D52-A145-2FA2734B5141}.Debug|Win32.ActiveCfg = Debug|Win32
		{D59A04A0-AF1B-4D52-A145-2FA2734B5141}.Debug|Win32.Build.0 = Debug|Win32
		{D59A04A0-AF1B-4D52-A145-2FA2734B5141}.Release|Win32.ActiveCfg = Release|Win32
		{D59A04A0-AF1B-4D52-A145-2FA2734B5141}.Release|Win32.Build.0 = Release|Win32
	EndGlobalSection
	GlobalSection(SolutionProperties) = preSolution
		HideSolutionNode = FALSE
	EndGlobalSection
EndGlobal
